// !$*UTF8*$!
{
	archiveVersion = 1;
	classes = {
	};
	objectVersion = 46;
	objects = {

/* Begin PBXBuildFile section */
		F2D10C171ED295940011BD6F /* main.m in Sources */ = {isa = PBXBuildFile; fileRef = F2D10C161ED295940011BD6F /* main.m */; };
		F2D10C1A1ED295940011BD6F /* AppDelegate.m in Sources */ = {isa = PBXBuildFile; fileRef = F2D10C191ED295940011BD6F /* AppDelegate.m */; };
		F2D10C1D1ED295940011BD6F /* ViewController.m in Sources */ = {isa = PBXBuildFile; fileRef = F2D10C1C1ED295940011BD6F /* ViewController.m */; };
		F2D10C201ED295940011BD6F /* Main.storyboard in Resources */ = {isa = PBXBuildFile; fileRef = F2D10C1E1ED295940011BD6F /* Main.storyboard */; };
		F2D10C221ED295940011BD6F /* Assets.xcassets in Resources */ = {isa = PBXBuildFile; fileRef = F2D10C211ED295940011BD6F /* Assets.xcassets */; };
		F2D10C251ED295940011BD6F /* LaunchScreen.storyboard in Resources */ = {isa = PBXBuildFile; fileRef = F2D10C231ED295940011BD6F /* LaunchScreen.storyboard */; };
		F2D10C301ED295940011BD6F /* DANativeApiTests.m in Sources */ = {isa = PBXBuildFile; fileRef = F2D10C2F1ED295940011BD6F /* DANativeApiTests.m */; };
		F2D10C3B1ED295940011BD6F /* DANativeApiUITests.m in Sources */ = {isa = PBXBuildFile; fileRef = F2D10C3A1ED295940011BD6F /* DANativeApiUITests.m */; };
		F2D10C491ED295A80011BD6F /* DANativeApi.js in Resources */ = {isa = PBXBuildFile; fileRef = F2D10C481ED295A80011BD6F /* DANativeApi.js */; };
		F2D10C4B1ED295B30011BD6F /* test.html in Resources */ = {isa = PBXBuildFile; fileRef = F2D10C4A1ED295B30011BD6F /* test.html */; };
		F2D10C4E1ED2B5EB0011BD6F /* DANativeApi.m in Sources */ = {isa = PBXBuildFile; fileRef = F2D10C4D1ED2B5EB0011BD6F /* DANativeApi.m */; };
		F2FE4FBD1EE6998B009BAA0E /* DANativeApiImplementation.m in Sources */ = {isa = PBXBuildFile; fileRef = F2FE4FBC1EE6998B009BAA0E /* DANativeApiImplementation.m */; };
/* End PBXBuildFile section */

/* Begin PBXContainerItemProxy section */
		F2D10C2C1ED295940011BD6F /* PBXContainerItemProxy */ = {
			isa = PBXContainerItemProxy;
			containerPortal = F2D10C0A1ED295940011BD6F /* Project object */;
			proxyType = 1;
			remoteGlobalIDString = F2D10C111ED295940011BD6F;
			remoteInfo = DANativeApi;
		};
		F2D10C371ED295940011BD6F /* PBXContainerItemProxy */ = {
			isa = PBXContainerItemProxy;
			containerPortal = F2D10C0A1ED295940011BD6F /* Project object */;
			proxyType = 1;
			remoteGlobalIDString = F2D10C111ED295940011BD6F;
			remoteInfo = DANativeApi;
		};
/* End PBXContainerItemProxy section */

/* Begin PBXFileReference section */
		F2D10C121ED295940011BD6F /* DANativeApi.app */ = {isa = PBXFileReference; explicitFileType = wrapper.application; includeInIndex = 0; path = DANativeApi.app; sourceTree = BUILT_PRODUCTS_DIR; };
		F2D10C161ED295940011BD6F /* main.m */ = {isa = PBXFileReference; lastKnownFileType = sourcecode.c.objc; path = main.m; sourceTree = "<group>"; };
		F2D10C181ED295940011BD6F /* AppDelegate.h */ = {isa = PBXFileReference; lastKnownFileType = sourcecode.c.h; path = AppDelegate.h; sourceTree = "<group>"; };
		F2D10C191ED295940011BD6F /* AppDelegate.m */ = {isa = PBXFileReference; lastKnownFileType = sourcecode.c.objc; path = AppDelegate.m; sourceTree = "<group>"; };
		F2D10C1B1ED295940011BD6F /* ViewController.h */ = {isa = PBXFileReference; lastKnownFileType = sourcecode.c.h; path = ViewController.h; sourceTree = "<group>"; };
		F2D10C1C1ED295940011BD6F /* ViewController.m */ = {isa = PBXFileReference; lastKnownFileType = sourcecode.c.objc; path = ViewController.m; sourceTree = "<group>"; };
		F2D10C1F1ED295940011BD6F /* Base */ = {isa = PBXFileReference; lastKnownFileType = file.storyboard; name = Base; path = Base.lproj/Main.storyboard; sourceTree = "<group>"; };
		F2D10C211ED295940011BD6F /* Assets.xcassets */ = {isa = PBXFileReference; lastKnownFileType = folder.assetcatalog; path = Assets.xcassets; sourceTree = "<group>"; };
		F2D10C241ED295940011BD6F /* Base */ = {isa = PBXFileReference; lastKnownFileType = file.storyboard; name = Base; path = Base.lproj/LaunchScreen.storyboard; sourceTree = "<group>"; };
		F2D10C261ED295940011BD6F /* Info.plist */ = {isa = PBXFileReference; lastKnownFileType = text.plist.xml; path = Info.plist; sourceTree = "<group>"; };
		F2D10C2B1ED295940011BD6F /* DANativeApiTests.xctest */ = {isa = PBXFileReference; explicitFileType = wrapper.cfbundle; includeInIndex = 0; path = DANativeApiTests.xctest; sourceTree = BUILT_PRODUCTS_DIR; };
		F2D10C2F1ED295940011BD6F /* DANativeApiTests.m */ = {isa = PBXFileReference; lastKnownFileType = sourcecode.c.objc; path = DANativeApiTests.m; sourceTree = "<group>"; };
		F2D10C311ED295940011BD6F /* Info.plist */ = {isa = PBXFileReference; lastKnownFileType = text.plist.xml; path = Info.plist; sourceTree = "<group>"; };
		F2D10C361ED295940011BD6F /* DANativeApiUITests.xctest */ = {isa = PBXFileReference; explicitFileType = wrapper.cfbundle; includeInIndex = 0; path = DANativeApiUITests.xctest; sourceTree = BUILT_PRODUCTS_DIR; };
		F2D10C3A1ED295940011BD6F /* DANativeApiUITests.m */ = {isa = PBXFileReference; lastKnownFileType = sourcecode.c.objc; path = DANativeApiUITests.m; sourceTree = "<group>"; };
		F2D10C3C1ED295940011BD6F /* Info.plist */ = {isa = PBXFileReference; lastKnownFileType = text.plist.xml; path = Info.plist; sourceTree = "<group>"; };
		F2D10C481ED295A80011BD6F /* DANativeApi.js */ = {isa = PBXFileReference; fileEncoding = 4; lastKnownFileType = sourcecode.javascript; path = DANativeApi.js; sourceTree = "<group>"; };
		F2D10C4A1ED295B30011BD6F /* test.html */ = {isa = PBXFileReference; fileEncoding = 4; lastKnownFileType = text.html; path = test.html; sourceTree = "<group>"; };
		F2D10C4C1ED2B5EB0011BD6F /* DANativeApi.h */ = {isa = PBXFileReference; fileEncoding = 4; lastKnownFileType = sourcecode.c.h; path = DANativeApi.h; sourceTree = "<group>"; };
		F2D10C4D1ED2B5EB0011BD6F /* DANativeApi.m */ = {isa = PBXFileReference; fileEncoding = 4; lastKnownFileType = sourcecode.c.objc; path = DANativeApi.m; sourceTree = "<group>"; };
		F2FE4FBB1EE6998B009BAA0E /* DANativeApiImplementation.h */ = {isa = PBXFileReference; fileEncoding = 4; lastKnownFileType = sourcecode.c.h; path = DANativeApiImplementation.h; sourceTree = "<group>"; };
		F2FE4FBC1EE6998B009BAA0E /* DANativeApiImplementation.m */ = {isa = PBXFileReference; fileEncoding = 4; lastKnownFileType = sourcecode.c.objc; path = DANativeApiImplementation.m; sourceTree = "<group>"; };
/* End PBXFileReference section */

/* Begin PBXFrameworksBuildPhase section */
		F2D10C0F1ED295940011BD6F /* Frameworks */ = {
			isa = PBXFrameworksBuildPhase;
			buildActionMask = 2147483647;
			files = (
			);
			runOnlyForDeploymentPostprocessing = 0;
		};
		F2D10C281ED295940011BD6F /* Frameworks */ = {
			isa = PBXFrameworksBuildPhase;
			buildActionMask = 2147483647;
			files = (
			);
			runOnlyForDeploymentPostprocessing = 0;
		};
		F2D10C331ED295940011BD6F /* Frameworks */ = {
			isa = PBXFrameworksBuildPhase;
			buildActionMask = 2147483647;
			files = (
			);
			runOnlyForDeploymentPostprocessing = 0;
		};
/* End PBXFrameworksBuildPhase section */

/* Begin PBXGroup section */
		F2D10C091ED295940011BD6F = {
			isa = PBXGroup;
			children = (
				F2D10C141ED295940011BD6F /* DANativeApi */,
				F2D10C2E1ED295940011BD6F /* DANativeApiTests */,
				F2D10C391ED295940011BD6F /* DANativeApiUITests */,
				F2D10C131ED295940011BD6F /* Products */,
			);
			sourceTree = "<group>";
		};
		F2D10C131ED295940011BD6F /* Products */ = {
			isa = PBXGroup;
			children = (
				F2D10C121ED295940011BD6F /* DANativeApi.app */,
				F2D10C2B1ED295940011BD6F /* DANativeApiTests.xctest */,
				F2D10C361ED295940011BD6F /* DANativeApiUITests.xctest */,
			);
			name = Products;
			sourceTree = "<group>";
		};
		F2D10C141ED295940011BD6F /* DANativeApi */ = {
			isa = PBXGroup;
			children = (
				F2D10C4A1ED295B30011BD6F /* test.html */,
				F2D10C481ED295A80011BD6F /* DANativeApi.js */,
				F2D10C4C1ED2B5EB0011BD6F /* DANativeApi.h */,
				F2D10C4D1ED2B5EB0011BD6F /* DANativeApi.m */,
				F2FE4FBB1EE6998B009BAA0E /* DANativeApiImplementation.h */,
				F2FE4FBC1EE6998B009BAA0E /* DANativeApiImplementation.m */,
				F2D10C181ED295940011BD6F /* AppDelegate.h */,
				F2D10C191ED295940011BD6F /* AppDelegate.m */,
				F2D10C1B1ED295940011BD6F /* ViewController.h */,
				F2D10C1C1ED295940011BD6F /* ViewController.m */,
				F2D10C1E1ED295940011BD6F /* Main.storyboard */,
				F2D10C211ED295940011BD6F /* Assets.xcassets */,
				F2D10C231ED295940011BD6F /* LaunchScreen.storyboard */,
				F2D10C261ED295940011BD6F /* Info.plist */,
				F2D10C151ED295940011BD6F /* Supporting Files */,
			);
			path = DANativeApi;
			sourceTree = "<group>";
		};
		F2D10C151ED295940011BD6F /* Supporting Files */ = {
			isa = PBXGroup;
			children = (
				F2D10C161ED295940011BD6F /* main.m */,
			);
			name = "Supporting Files";
			sourceTree = "<group>";
		};
		F2D10C2E1ED295940011BD6F /* DANativeApiTests */ = {
			isa = PBXGroup;
			children = (
				F2D10C2F1ED295940011BD6F /* DANativeApiTests.m */,
				F2D10C311ED295940011BD6F /* Info.plist */,
			);
			path = DANativeApiTests;
			sourceTree = "<group>";
		};
		F2D10C391ED295940011BD6F /* DANativeApiUITests */ = {
			isa = PBXGroup;
			children = (
				F2D10C3A1ED295940011BD6F /* DANativeApiUITests.m */,
				F2D10C3C1ED295940011BD6F /* Info.plist */,
			);
			path = DANativeApiUITests;
			sourceTree = "<group>";
		};
/* End PBXGroup section */

/* Begin PBXNativeTarget section */
		F2D10C111ED295940011BD6F /* DANativeApi */ = {
			isa = PBXNativeTarget;
			buildConfigurationList = F2D10C3F1ED295940011BD6F /* Build configuration list for PBXNativeTarget "DANativeApi" */;
			buildPhases = (
				F2D10C0E1ED295940011BD6F /* Sources */,
				F2D10C0F1ED295940011BD6F /* Frameworks */,
				F2D10C101ED295940011BD6F /* Resources */,
			);
			buildRules = (
			);
			dependencies = (
			);
			name = DANativeApi;
			productName = DANativeApi;
			productReference = F2D10C121ED295940011BD6F /* DANativeApi.app */;
			productType = "com.apple.product-type.application";
		};
		F2D10C2A1ED295940011BD6F /* DANativeApiTests */ = {
			isa = PBXNativeTarget;
			buildConfigurationList = F2D10C421ED295940011BD6F /* Build configuration list for PBXNativeTarget "DANativeApiTests" */;
			buildPhases = (
				F2D10C271ED295940011BD6F /* Sources */,
				F2D10C281ED295940011BD6F /* Frameworks */,
				F2D10C291ED295940011BD6F /* Resources */,
			);
			buildRules = (
			);
			dependencies = (
				F2D10C2D1ED295940011BD6F /* PBXTargetDependency */,
			);
			name = DANativeApiTests;
			productName = DANativeApiTests;
			productReference = F2D10C2B1ED295940011BD6F /* DANativeApiTests.xctest */;
			productType = "com.apple.product-type.bundle.unit-test";
		};
		F2D10C351ED295940011BD6F /* DANativeApiUITests */ = {
			isa = PBXNativeTarget;
			buildConfigurationList = F2D10C451ED295940011BD6F /* Build configuration list for PBXNativeTarget "DANativeApiUITests" */;
			buildPhases = (
				F2D10C321ED295940011BD6F /* Sources */,
				F2D10C331ED295940011BD6F /* Frameworks */,
				F2D10C341ED295940011BD6F /* Resources */,
			);
			buildRules = (
			);
			dependencies = (
				F2D10C381ED295940011BD6F /* PBXTargetDependency */,
			);
			name = DANativeApiUITests;
			productName = DANativeApiUITests;
			productReference = F2D10C361ED295940011BD6F /* DANativeApiUITests.xctest */;
			productType = "com.apple.product-type.bundle.ui-testing";
		};
/* End PBXNativeTarget section */

/* Begin PBXProject section */
		F2D10C0A1ED295940011BD6F /* Project object */ = {
			isa = PBXProject;
			attributes = {
				LastUpgradeCheck = 0910;
				ORGANIZATIONNAME = "暗の天使";
				TargetAttributes = {
					F2D10C111ED295940011BD6F = {
						CreatedOnToolsVersion = 8.3.2;
						DevelopmentTeam = GM8DN4C6AS;
						ProvisioningStyle = Automatic;
					};
					F2D10C2A1ED295940011BD6F = {
						CreatedOnToolsVersion = 8.3.2;
						DevelopmentTeam = GM8DN4C6AS;
						ProvisioningStyle = Automatic;
						TestTargetID = F2D10C111ED295940011BD6F;
					};
					F2D10C351ED295940011BD6F = {
						CreatedOnToolsVersion = 8.3.2;
						DevelopmentTeam = GM8DN4C6AS;
						ProvisioningStyle = Automatic;
						TestTargetID = F2D10C111ED295940011BD6F;
					};
				};
			};
			buildConfigurationList = F2D10C0D1ED295940011BD6F /* Build configuration list for PBXProject "DANativeApi" */;
			compatibilityVersion = "Xcode 3.2";
			developmentRegion = English;
			hasScannedForEncodings = 0;
			knownRegions = (
				en,
				Base,
			);
			mainGroup = F2D10C091ED295940011BD6F;
			productRefGroup = F2D10C131ED295940011BD6F /* Products */;
			projectDirPath = "";
			projectRoot = "";
			targets = (
				F2D10C111ED295940011BD6F /* DANativeApi */,
				F2D10C2A1ED295940011BD6F /* DANativeApiTests */,
				F2D10C351ED295940011BD6F /* DANativeApiUITests */,
			);
		};
/* End PBXProject section */

/* Begin PBXResourcesBuildPhase section */
		F2D10C101ED295940011BD6F /* Resources */ = {
			isa = PBXResourcesBuildPhase;
			buildActionMask = 2147483647;
			files = (
				F2D10C491ED295A80011BD6F /* DANativeApi.js in Resources */,
				F2D10C251ED295940011BD6F /* LaunchScreen.storyboard in Resources */,
				F2D10C221ED295940011BD6F /* Assets.xcassets in Resources */,
				F2D10C4B1ED295B30011BD6F /* test.html in Resources */,
				F2D10C201ED295940011BD6F /* Main.storyboard in Resources */,
			);
			runOnlyForDeploymentPostprocessing = 0;
		};
		F2D10C291ED295940011BD6F /* Resources */ = {
			isa = PBXResourcesBuildPhase;
			buildActionMask = 2147483647;
			files = (
			);
			runOnlyForDeploymentPostprocessing = 0;
		};
		F2D10C341ED295940011BD6F /* Resources */ = {
			isa = PBXResourcesBuildPhase;
			buildActionMask = 2147483647;
			files = (
			);
			runOnlyForDeploymentPostprocessing = 0;
		};
/* End PBXResourcesBuildPhase section */

/* Begin PBXSourcesBuildPhase section */
		F2D10C0E1ED295940011BD6F /* Sources */ = {
			isa = PBXSourcesBuildPhase;
			buildActionMask = 2147483647;
			files = (
				F2D10C1D1ED295940011BD6F /* ViewController.m in Sources */,
				F2D10C1A1ED295940011BD6F /* AppDelegate.m in Sources */,
				F2FE4FBD1EE6998B009BAA0E /* DANativeApiImplementation.m in Sources */,
				F2D10C4E1ED2B5EB0011BD6F /* DANativeApi.m in Sources */,
				F2D10C171ED295940011BD6F /* main.m in Sources */,
			);
			runOnlyForDeploymentPostprocessing = 0;
		};
		F2D10C271ED295940011BD6F /* Sources */ = {
			isa = PBXSourcesBuildPhase;
			buildActionMask = 2147483647;
			files = (
				F2D10C301ED295940011BD6F /* DANativeApiTests.m in Sources */,
			);
			runOnlyForDeploymentPostprocessing = 0;
		};
		F2D10C321ED295940011BD6F /* Sources */ = {
			isa = PBXSourcesBuildPhase;
			buildActionMask = 2147483647;
			files = (
				F2D10C3B1ED295940011BD6F /* DANativeApiUITests.m in Sources */,
			);
			runOnlyForDeploymentPostprocessing = 0;
		};
/* End PBXSourcesBuildPhase section */

/* Begin PBXTargetDependency section */
		F2D10C2D1ED295940011BD6F /* PBXTargetDependency */ = {
			isa = PBXTargetDependency;
			target = F2D10C111ED295940011BD6F /* DANativeApi */;
			targetProxy = F2D10C2C1ED295940011BD6F /* PBXContainerItemProxy */;
		};
		F2D10C381ED295940011BD6F /* PBXTargetDependency */ = {
			isa = PBXTargetDependency;
			target = F2D10C111ED295940011BD6F /* DANativeApi */;
			targetProxy = F2D10C371ED295940011BD6F /* PBXContainerItemProxy */;
		};
/* End PBXTargetDependency section */

/* Begin PBXVariantGroup section */
		F2D10C1E1ED295940011BD6F /* Main.storyboard */ = {
			isa = PBXVariantGroup;
			children = (
				F2D10C1F1ED295940011BD6F /* Base */,
			);
			name = Main.storyboard;
			sourceTree = "<group>";
		};
		F2D10C231ED295940011BD6F /* LaunchScreen.storyboard */ = {
			isa = PBXVariantGroup;
			children = (
				F2D10C241ED295940011BD6F /* Base */,
			);
			name = LaunchScreen.storyboard;
			sourceTree = "<group>";
		};
/* End PBXVariantGroup section */

/* Begin XCBuildConfiguration section */
		F2D10C3D1ED295940011BD6F /* Debug */ = {
			isa = XCBuildConfiguration;
			buildSettings = {
				ALWAYS_SEARCH_USER_PATHS = NO;
				CLANG_ANALYZER_NONNULL = YES;
				CLANG_ANALYZER_NUMBER_OBJECT_CONVERSION = YES_AGGRESSIVE;
				CLANG_CXX_LANGUAGE_STANDARD = "gnu++0x";
				CLANG_CXX_LIBRARY = "libc++";
				CLANG_ENABLE_MODULES = YES;
				CLANG_ENABLE_OBJC_ARC = YES;
				CLANG_WARN_BLOCK_CAPTURE_AUTORELEASING = YES;
				CLANG_WARN_BOOL_CONVERSION = YES;
				CLANG_WARN_COMMA = YES;
				CLANG_WARN_CONSTANT_CONVERSION = YES;
				CLANG_WARN_DIRECT_OBJC_ISA_USAGE = YES_ERROR;
				CLANG_WARN_DOCUMENTATION_COMMENTS = YES;
				CLANG_WARN_EMPTY_BODY = YES;
				CLANG_WARN_ENUM_CONVERSION = YES;
				CLANG_WARN_INFINITE_RECURSION = YES;
				CLANG_WARN_INT_CONVERSION = YES;
				CLANG_WARN_NON_LITERAL_NULL_CONVERSION = YES;
				CLANG_WARN_OBJC_LITERAL_CONVERSION = YES;
				CLANG_WARN_OBJC_ROOT_CLASS = YES_ERROR;
				CLANG_WARN_RANGE_LOOP_ANALYSIS = YES;
				CLANG_WARN_STRICT_PROTOTYPES = YES;
				CLANG_WARN_SUSPICIOUS_MOVE = YES;
				CLANG_WARN_UNREACHABLE_CODE = YES;
				CLANG_WARN__DUPLICATE_METHOD_MATCH = YES;
				"CODE_SIGN_IDENTITY[sdk=iphoneos*]" = "iPhone Developer";
				COPY_PHASE_STRIP = NO;
				DEBUG_INFORMATION_FORMAT = dwarf;
				ENABLE_STRICT_OBJC_MSGSEND = YES;
				ENABLE_TESTABILITY = YES;
				GCC_C_LANGUAGE_STANDARD = gnu99;
				GCC_DYNAMIC_NO_PIC = NO;
				GCC_NO_COMMON_BLOCKS = YES;
				GCC_OPTIMIZATION_LEVEL = 0;
				GCC_PREPROCESSOR_DEFINITIONS = (
					"DEBUG=1",
					"$(inherited)",
				);
				GCC_WARN_64_TO_32_BIT_CONVERSION = YES;
				GCC_WARN_ABOUT_RETURN_TYPE = YES_ERROR;
				GCC_WARN_UNDECLARED_SELECTOR = YES;
				GCC_WARN_UNINITIALIZED_AUTOS = YES_AGGRESSIVE;
				GCC_WARN_UNUSED_FUNCTION = YES;
				GCC_WARN_UNUSED_VARIABLE = YES;
				IPHONEOS_DEPLOYMENT_TARGET = 10.3;
				MTL_ENABLE_DEBUG_INFO = YES;
				ONLY_ACTIVE_ARCH = YES;
				SDKROOT = iphoneos;
				TARGETED_DEVICE_FAMILY = "1,2";
			};
			name = Debug;
		};
		F2D10C3E1ED295940011BD6F /* Release */ = {
			isa = XCBuildConfiguration;
			buildSettings = {
				ALWAYS_SEARCH_USER_PATHS = NO;
				CLANG_ANALYZER_NONNULL = YES;
				CLANG_ANALYZER_NUMBER_OBJECT_CONVERSION = YES_AGGRESSIVE;
				CLANG_CXX_LANGUAGE_STANDARD = "gnu++0x";
				CLANG_CXX_LIBRARY = "libc++";
				CLANG_ENABLE_MODULES = YES;
				CLANG_ENABLE_OBJC_ARC = YES;
				CLANG_WARN_BLOCK_CAPTURE_AUTORELEASING = YES;
				CLANG_WARN_BOOL_CONVERSION = YES;
				CLANG_WARN_COMMA = YES;
				CLANG_WARN_CONSTANT_CONVERSION = YES;
				CLANG_WARN_DIRECT_OBJC_ISA_USAGE = YES_ERROR;
				CLANG_WARN_DOCUMENTATION_COMMENTS = YES;
				CLANG_WARN_EMPTY_BODY = YES;
				CLANG_WARN_ENUM_CONVERSION = YES;
				CLANG_WARN_INFINITE_RECURSION = YES;
				CLANG_WARN_INT_CONVERSION = YES;
				CLANG_WARN_NON_LITERAL_NULL_CONVERSION = YES;
				CLANG_WARN_OBJC_LITERAL_CONVERSION = YES;
				CLANG_WARN_OBJC_ROOT_CLASS = YES_ERROR;
				CLANG_WARN_RANGE_LOOP_ANALYSIS = YES;
				CLANG_WARN_STRICT_PROTOTYPES = YES;
				CLANG_WARN_SUSPICIOUS_MOVE = YES;
				CLANG_WARN_UNREACHABLE_CODE = YES;
				CLANG_WARN__DUPLICATE_METHOD_MATCH = YES;
				"CODE_SIGN_IDENTITY[sdk=iphoneos*]" = "iPhone Developer";
				COPY_PHASE_STRIP = NO;
				DEBUG_INFORMATION_FORMAT = "dwarf-with-dsym";
				ENABLE_NS_ASSERTIONS = NO;
				ENABLE_STRICT_OBJC_MSGSEND = YES;
				GCC_C_LANGUAGE_STANDARD = gnu99;
				GCC_NO_COMMON_BLOCKS = YES;
				GCC_WARN_64_TO_32_BIT_CONVERSION = YES;
				GCC_WARN_ABOUT_RETURN_TYPE = YES_ERROR;
				GCC_WARN_UNDECLARED_SELECTOR = YES;
				GCC_WARN_UNINITIALIZED_AUTOS = YES_AGGRESSIVE;
				GCC_WARN_UNUSED_FUNCTION = YES;
				GCC_WARN_UNUSED_VARIABLE = YES;
				IPHONEOS_DEPLOYMENT_TARGET = 10.3;
				MTL_ENABLE_DEBUG_INFO = NO;
				SDKROOT = iphoneos;
				TARGETED_DEVICE_FAMILY = "1,2";
				VALIDATE_PRODUCT = YES;
			};
			name = Release;
		};
		F2D10C401ED295940011BD6F /* Debug */ = {
			isa = XCBuildConfiguration;
			buildSettings = {
				ASSETCATALOG_COMPILER_APPICON_NAME = AppIcon;
				DEVELOPMENT_TEAM = GM8DN4C6AS;
				INFOPLIST_FILE = DANativeApi/Info.plist;
				LD_RUNPATH_SEARCH_PATHS = "$(inherited) @executable_path/Frameworks";
				PRODUCT_BUNDLE_IDENTIFIER = "-.DANativeApi";
				PRODUCT_NAME = "$(TARGET_NAME)";
			};
			name = Debug;
		};
		F2D10C411ED295940011BD6F /* Release */ = {
			isa = XCBuildConfiguration;
			buildSettings = {
				ASSETCATALOG_COMPILER_APPICON_NAME = AppIcon;
				DEVELOPMENT_TEAM = GM8DN4C6AS;
				INFOPLIST_FILE = DANativeApi/Info.plist;
				LD_RUNPATH_SEARCH_PATHS = "$(inherited) @executable_path/Frameworks";
				PRODUCT_BUNDLE_IDENTIFIER = "-.DANativeApi";
				PRODUCT_NAME = "$(TARGET_NAME)";
			};
			name = Release;
		};
		F2D10C431ED295940011BD6F /* Debug */ = {
			isa = XCBuildConfiguration;
			buildSettings = {
				BUNDLE_LOADER = "$(TEST_HOST)";
				DEVELOPMENT_TEAM = GM8DN4C6AS;
				INFOPLIST_FILE = DANativeApiTests/Info.plist;
				LD_RUNPATH_SEARCH_PATHS = "$(inherited) @executable_path/Frameworks @loader_path/Frameworks";
				PRODUCT_BUNDLE_IDENTIFIER = "-.DANativeApiTests";
				PRODUCT_NAME = "$(TARGET_NAME)";
				TEST_HOST = "$(BUILT_PRODUCTS_DIR)/DANativeApi.app/DANativeApi";
			};
			name = Debug;
		};
		F2D10C441ED295940011BD6F /* Release */ = {
			isa = XCBuildConfiguration;
			buildSettings = {
				BUNDLE_LOADER = "$(TEST_HOST)";
				DEVELOPMENT_TEAM = GM8DN4C6AS;
				INFOPLIST_FILE = DANativeApiTests/Info.plist;
				LD_RUNPATH_SEARCH_PATHS = "$(inherited) @executable_path/Frameworks @loader_path/Frameworks";
				PRODUCT_BUNDLE_IDENTIFIER = "-.DANativeApiTests";
				PRODUCT_NAME = "$(TARGET_NAME)";
				TEST_HOST = "$(BUILT_PRODUCTS_DIR)/DANativeApi.app/DANativeApi";
			};
			name = Release;
		};
		F2D10C461ED295940011BD6F /* Debug */ = {
			isa = XCBuildConfiguration;
			buildSettings = {
				DEVELOPMENT_TEAM = GM8DN4C6AS;
				INFOPLIST_FILE = DANativeApiUITests/Info.plist;
				LD_RUNPATH_SEARCH_PATHS = "$(inherited) @executable_path/Frameworks @loader_path/Frameworks";
				PRODUCT_BUNDLE_IDENTIFIER = "-.DANativeApiUITests";
				PRODUCT_NAME = "$(TARGET_NAME)";
				TEST_TARGET_NAME = DANativeApi;
			};
			name = Debug;
		};
		F2D10C471ED295940011BD6F /* Release */ = {
			isa = XCBuildConfiguration;
			buildSettings = {
				DEVELOPMENT_TEAM = GM8DN4C6AS;
				INFOPLIST_FILE = DANativeApiUITests/Info.plist;
				LD_RUNPATH_SEARCH_PATHS = "$(inherited) @executable_path/Frameworks @loader_path/Frameworks";
				PRODUCT_BUNDLE_IDENTIFIER = "-.DANativeApiUITests";
				PRODUCT_NAME = "$(TARGET_NAME)";
				TEST_TARGET_NAME = DANativeApi;
			};
			name = Release;
		};
/* End XCBuildConfiguration section */

/* Begin XCConfigurationList section */
		F2D10C0D1ED295940011BD6F /* Build configuration list for PBXProject "DANativeApi" */ = {
			isa = XCConfigurationList;
			buildConfigurations = (
				F2D10C3D1ED295940011BD6F /* Debug */,
				F2D10C3E1ED295940011BD6F /* Release */,
			);
			defaultConfigurationIsVisible = 0;
			defaultConfigurationName = Release;
		};
		F2D10C3F1ED295940011BD6F /* Build configuration list for PBXNativeTarget "DANativeApi" */ = {
			isa = XCConfigurationList;
			buildConfigurations = (
				F2D10C401ED295940011BD6F /* Debug */,
				F2D10C411ED295940011BD6F /* Release */,
			);
			defaultConfigurationIsVisible = 0;
			defaultConfigurationName = Release;
		};
		F2D10C421ED295940011BD6F /* Build configuration list for PBXNativeTarget "DANativeApiTests" */ = {
			isa = XCConfigurationList;
			buildConfigurations = (
				F2D10C431ED295940011BD6F /* Debug */,
				F2D10C441ED295940011BD6F /* Release */,
			);
			defaultConfigurationIsVisible = 0;
			defaultConfigurationName = Release;
		};
		F2D10C451ED295940011BD6F /* Build configuration list for PBXNativeTarget "DANativeApiUITests" */ = {
			isa = XCConfigurationList;
			buildConfigurations = (
				F2D10C461ED295940011BD6F /* Debug */,
				F2D10C471ED295940011BD6F /* Release */,
			);
			defaultConfigurationIsVisible = 0;
			defaultConfigurationName = Release;
		};
/* End XCConfigurationList section */
	};
	rootObject = F2D10C0A1ED295940011BD6F /* Project object */;
}
